
Microsoft Visual Studio Solution File, Format Version 12.00
# Visual Studio 15
VisualStudioVersion = 15.0.34112.143
MinimumVisualStudioVersion = 10.0.40219.1
Project("{FAE04EC0-301F-11D3-BF4B-00C04F79EFBC}") = "Internet Explorer", "Internet Explorer\Internet Explorer.csproj", "{0F51E92C-2E01-4541-981D-978C10CDD4EB}"
EndProject
Global
	GlobalSection(SolutionConfigurationPlatforms) = preSolution
		Debug|Any CPU = Debug|Any CPU
		Release|Any CPU = Release|Any CPU
	EndGlobalSection
	GlobalSection(ProjectConfigurationPlatforms) = postSolution
		{0F51E92C-2E01-4541-981D-978C10CDD4EB}.Debug|Any CPU.ActiveCfg = Debug|Any CPU
		{0F51E92C-2E01-4541-981D-978C10CDD4EB}.Debug|Any CPU.Build.0 = Debug|Any CPU
		{0F51E92C-2E01-4541-981D-978C10CDD4EB}.Release|Any CPU.ActiveCfg = Release|Any CPU
		{0F51E92C-2E01-4541-981D-978C10CDD4EB}.Release|Any CPU.Build.0 = Release|Any CPU
	EndGlobalSection
	GlobalSection(SolutionProperties) = preSolution
		HideSolutionNode = FALSE
	EndGlobalSection
	GlobalSection(ExtensibilityGlobals) = postSolution
		SolutionGuid = {CE4C576A-A7D2-4D06-A632-FFB0BEC45D1C}
	EndGlobalSection
EndGlobal
